// !$*UTF8*$!
{
	archiveVersion = 1;
	classes = {
	};
	objectVersion = 55;
	objects = {

/* Begin PBXBuildFile section */
		17738E1A525AC19C6C719BBA /* Pods_StockTrackerAlamofire.framework in Frameworks */ = {isa = PBXBuildFile; fileRef = DBCAA6C58C0CE4EFD03DBEA6 /* Pods_StockTrackerAlamofire.framework */; };
		56084C5627EED0110061F621 /* AppDelegate.swift in Sources */ = {isa = PBXBuildFile; fileRef = 56084C5527EED0110061F621 /* AppDelegate.swift */; };
		56084C5827EED0110061F621 /* SceneDelegate.swift in Sources */ = {isa = PBXBuildFile; fileRef = 56084C5727EED0110061F621 /* SceneDelegate.swift */; };
		56084C5A27EED0110061F621 /* StockListViewController.swift in Sources */ = {isa = PBXBuildFile; fileRef = 56084C5927EED0110061F621 /* StockListViewController.swift */; };
		56084C5D27EED0110061F621 /* Main.storyboard in Resources */ = {isa = PBXBuildFile; fileRef = 56084C5B27EED0110061F621 /* Main.storyboard */; };
		56084C5F27EED0110061F621 /* Assets.xcassets in Resources */ = {isa = PBXBuildFile; fileRef = 56084C5E27EED0110061F621 /* Assets.xcassets */; };
		56084C6227EED0110061F621 /* LaunchScreen.storyboard in Resources */ = {isa = PBXBuildFile; fileRef = 56084C6027EED0110061F621 /* LaunchScreen.storyboard */; };
		56084C6E27EED3710061F621 /* StockModel.swift in Sources */ = {isa = PBXBuildFile; fileRef = 56084C6D27EED3710061F621 /* StockModel.swift */; };
		56084C7127EED3A50061F621 /* NetworkManager.swift in Sources */ = {isa = PBXBuildFile; fileRef = 56084C7027EED3A50061F621 /* NetworkManager.swift */; };
		56084C7427EED3BD0061F621 /* DataManager.swift in Sources */ = {isa = PBXBuildFile; fileRef = 56084C7327EED3BD0061F621 /* DataManager.swift */; };
		56084C7627EEF4D20061F621 /* StockCell.swift in Sources */ = {isa = PBXBuildFile; fileRef = 56084C7527EEF4D20061F621 /* StockCell.swift */; };
		56084C7C27EF07780061F621 /* GradientView.swift in Sources */ = {isa = PBXBuildFile; fileRef = 56084C7B27EF07780061F621 /* GradientView.swift */; };
		56609491280AA07B003F92B9 /* URLSessionTest.swift in Sources */ = {isa = PBXBuildFile; fileRef = 56609490280AA07B003F92B9 /* URLSessionTest.swift */; };
		566094C1280AC3AB003F92B9 /* StockListViewModelTest.swift in Sources */ = {isa = PBXBuildFile; fileRef = 566094C0280AC3AB003F92B9 /* StockListViewModelTest.swift */; };
		56AA847028082E3F00C89BD2 /* StockListViewModel.swift in Sources */ = {isa = PBXBuildFile; fileRef = 56AA846F28082E3F00C89BD2 /* StockListViewModel.swift */; };
		56AA847328084B3500C89BD2 /* StockCellViewModel.swift in Sources */ = {isa = PBXBuildFile; fileRef = 56AA847228084B3500C89BD2 /* StockCellViewModel.swift */; };
/* End PBXBuildFile section */

/* Begin PBXContainerItemProxy section */
		56609492280AA07B003F92B9 /* PBXContainerItemProxy */ = {
			isa = PBXContainerItemProxy;
			containerPortal = 56084C4A27EED0110061F621 /* Project object */;
			proxyType = 1;
			remoteGlobalIDString = 56084C5127EED0110061F621;
			remoteInfo = StockTrackerAlamofire;
		};
/* End PBXContainerItemProxy section */

/* Begin PBXFileReference section */
		41ABE58E7A70DBB4F6BDFFB9 /* Pods-StockTrackerAlamofire.release.xcconfig */ = {isa = PBXFileReference; includeInIndex = 1; lastKnownFileType = text.xcconfig; name = "Pods-StockTrackerAlamofire.release.xcconfig"; path = "Target Support Files/Pods-StockTrackerAlamofire/Pods-StockTrackerAlamofire.release.xcconfig"; sourceTree = "<group>"; };
		56084C5227EED0110061F621 /* StockTrackerAlamofire.app */ = {isa = PBXFileReference; explicitFileType = wrapper.application; includeInIndex = 0; path = StockTrackerAlamofire.app; sourceTree = BUILT_PRODUCTS_DIR; };
		56084C5527EED0110061F621 /* AppDelegate.swift */ = {isa = PBXFileReference; lastKnownFileType = sourcecode.swift; path = AppDelegate.swift; sourceTree = "<group>"; };
		56084C5727EED0110061F621 /* SceneDelegate.swift */ = {isa = PBXFileReference; lastKnownFileType = sourcecode.swift; path = SceneDelegate.swift; sourceTree = "<group>"; };
		56084C5927EED0110061F621 /* StockListViewController.swift */ = {isa = PBXFileReference; lastKnownFileType = sourcecode.swift; path = StockListViewController.swift; sourceTree = "<group>"; };
		56084C5C27EED0110061F621 /* Base */ = {isa = PBXFileReference; lastKnownFileType = file.storyboard; name = Base; path = Base.lproj/Main.storyboard; sourceTree = "<group>"; };
		56084C5E27EED0110061F621 /* Assets.xcassets */ = {isa = PBXFileReference; lastKnownFileType = folder.assetcatalog; path = Assets.xcassets; sourceTree = "<group>"; };
		56084C6127EED0110061F621 /* Base */ = {isa = PBXFileReference; lastKnownFileType = file.storyboard; name = Base; path = Base.lproj/LaunchScreen.storyboard; sourceTree = "<group>"; };
		56084C6327EED0110061F621 /* Info.plist */ = {isa = PBXFileReference; lastKnownFileType = text.plist.xml; path = Info.plist; sourceTree = "<group>"; };
		56084C6D27EED3710061F621 /* StockModel.swift */ = {isa = PBXFileReference; lastKnownFileType = sourcecode.swift; path = StockModel.swift; sourceTree = "<group>"; };
		56084C7027EED3A50061F621 /* NetworkManager.swift */ = {isa = PBXFileReference; lastKnownFileType = sourcecode.swift; path = NetworkManager.swift; sourceTree = "<group>"; };
		56084C7327EED3BD0061F621 /* DataManager.swift */ = {isa = PBXFileReference; lastKnownFileType = sourcecode.swift; path = DataManager.swift; sourceTree = "<group>"; };
		56084C7527EEF4D20061F621 /* StockCell.swift */ = {isa = PBXFileReference; lastKnownFileType = sourcecode.swift; path = StockCell.swift; sourceTree = "<group>"; };
		56084C7B27EF07780061F621 /* GradientView.swift */ = {isa = PBXFileReference; lastKnownFileType = sourcecode.swift; path = GradientView.swift; sourceTree = "<group>"; };
		5660948E280AA07B003F92B9 /* StockTrackerAlamofireTests.xctest */ = {isa = PBXFileReference; explicitFileType = wrapper.cfbundle; includeInIndex = 0; path = StockTrackerAlamofireTests.xctest; sourceTree = BUILT_PRODUCTS_DIR; };
		56609490280AA07B003F92B9 /* URLSessionTest.swift */ = {isa = PBXFileReference; lastKnownFileType = sourcecode.swift; path = URLSessionTest.swift; sourceTree = "<group>"; };
		566094C0280AC3AB003F92B9 /* StockListViewModelTest.swift */ = {isa = PBXFileReference; lastKnownFileType = sourcecode.swift; path = StockListViewModelTest.swift; sourceTree = "<group>"; };
		56AA846F28082E3F00C89BD2 /* StockListViewModel.swift */ = {isa = PBXFileReference; lastKnownFileType = sourcecode.swift; path = StockListViewModel.swift; sourceTree = "<group>"; };
		56AA847228084B3500C89BD2 /* StockCellViewModel.swift */ = {isa = PBXFileReference; lastKnownFileType = sourcecode.swift; path = StockCellViewModel.swift; sourceTree = "<group>"; };
		DBCAA6C58C0CE4EFD03DBEA6 /* Pods_StockTrackerAlamofire.framework */ = {isa = PBXFileReference; explicitFileType = wrapper.framework; includeInIndex = 0; path = Pods_StockTrackerAlamofire.framework; sourceTree = BUILT_PRODUCTS_DIR; };
		FA45C6902DBFB2C344F82099 /* Pods-StockTrackerAlamofire.debug.xcconfig */ = {isa = PBXFileReference; includeInIndex = 1; lastKnownFileType = text.xcconfig; name = "Pods-StockTrackerAlamofire.debug.xcconfig"; path = "Target Support Files/Pods-StockTrackerAlamofire/Pods-StockTrackerAlamofire.debug.xcconfig"; sourceTree = "<group>"; };
/* End PBXFileReference section */

/* Begin PBXFrameworksBuildPhase section */
		56084C4F27EED0110061F621 /* Frameworks */ = {
			isa = PBXFrameworksBuildPhase;
			buildActionMask = 2147483647;
			files = (
				17738E1A525AC19C6C719BBA /* Pods_StockTrackerAlamofire.framework in Frameworks */,
			);
			runOnlyForDeploymentPostprocessing = 0;
		};
		5660948B280AA07B003F92B9 /* Frameworks */ = {
			isa = PBXFrameworksBuildPhase;
			buildActionMask = 2147483647;
			files = (
			);
			runOnlyForDeploymentPostprocessing = 0;
		};
/* End PBXFrameworksBuildPhase section */

/* Begin PBXGroup section */
		56084C4927EED0110061F621 = {
			isa = PBXGroup;
			children = (
				56084C5427EED0110061F621 /* StockTrackerAlamofire */,
				5660948F280AA07B003F92B9 /* StockTrackerAlamofireTests */,
				56084C5327EED0110061F621 /* Products */,
				A9EEFF5110A2F324251A3079 /* Pods */,
				5F70AB70CEEACE94CF5B0A4E /* Frameworks */,
			);
			sourceTree = "<group>";
		};
		56084C5327EED0110061F621 /* Products */ = {
			isa = PBXGroup;
			children = (
				56084C5227EED0110061F621 /* StockTrackerAlamofire.app */,
				5660948E280AA07B003F92B9 /* StockTrackerAlamofireTests.xctest */,
			);
			name = Products;
			sourceTree = "<group>";
		};
		56084C5427EED0110061F621 /* StockTrackerAlamofire */ = {
			isa = PBXGroup;
			children = (
				56084C6927EED29B0061F621 /* Scenes */,
				56084C7227EED3AD0061F621 /* Helpers */,
				56084C6F27EED37B0061F621 /* Models */,
				56084C6A27EED2A70061F621 /* Storyboards */,
				56084C6B27EED3250061F621 /* App */,
				56084C6C27EED3360061F621 /* Resources */,
			);
			path = StockTrackerAlamofire;
			sourceTree = "<group>";
		};
		56084C6927EED29B0061F621 /* Scenes */ = {
			isa = PBXGroup;
			children = (
				56AA846C28082D9900C89BD2 /* StockList */,
				56AA847128084AFB00C89BD2 /* StockCell */,
				56084C7B27EF07780061F621 /* GradientView.swift */,
			);
			path = Scenes;
			sourceTree = "<group>";
		};
		56084C6A27EED2A70061F621 /* Storyboards */ = {
			isa = PBXGroup;
			children = (
				56084C5B27EED0110061F621 /* Main.storyboard */,
				56084C6027EED0110061F621 /* LaunchScreen.storyboard */,
			);
			path = Storyboards;
			sourceTree = "<group>";
		};
		56084C6B27EED3250061F621 /* App */ = {
			isa = PBXGroup;
			children = (
				56084C5527EED0110061F621 /* AppDelegate.swift */,
				56084C5727EED0110061F621 /* SceneDelegate.swift */,
				56084C6327EED0110061F621 /* Info.plist */,
			);
			path = App;
			sourceTree = "<group>";
		};
		56084C6C27EED3360061F621 /* Resources */ = {
			isa = PBXGroup;
			children = (
				56084C5E27EED0110061F621 /* Assets.xcassets */,
			);
			path = Resources;
			sourceTree = "<group>";
		};
		56084C6F27EED37B0061F621 /* Models */ = {
			isa = PBXGroup;
			children = (
				56084C6D27EED3710061F621 /* StockModel.swift */,
			);
			path = Models;
			sourceTree = "<group>";
		};
		56084C7227EED3AD0061F621 /* Helpers */ = {
			isa = PBXGroup;
			children = (
				56084C7027EED3A50061F621 /* NetworkManager.swift */,
				56084C7327EED3BD0061F621 /* DataManager.swift */,
			);
			path = Helpers;
			sourceTree = "<group>";
		};
		5660948F280AA07B003F92B9 /* StockTrackerAlamofireTests */ = {
			isa = PBXGroup;
			children = (
				56609490280AA07B003F92B9 /* URLSessionTest.swift */,
				566094C0280AC3AB003F92B9 /* StockListViewModelTest.swift */,
			);
			path = StockTrackerAlamofireTests;
			sourceTree = "<group>";
		};
		56AA846C28082D9900C89BD2 /* StockList */ = {
			isa = PBXGroup;
			children = (
				56084C5927EED0110061F621 /* StockListViewController.swift */,
				56AA846F28082E3F00C89BD2 /* StockListViewModel.swift */,
			);
			path = StockList;
			sourceTree = "<group>";
		};
		56AA847128084AFB00C89BD2 /* StockCell */ = {
			isa = PBXGroup;
			children = (
				56084C7527EEF4D20061F621 /* StockCell.swift */,
				56AA847228084B3500C89BD2 /* StockCellViewModel.swift */,
			);
			path = StockCell;
			sourceTree = "<group>";
		};
		5F70AB70CEEACE94CF5B0A4E /* Frameworks */ = {
			isa = PBXGroup;
			children = (
				DBCAA6C58C0CE4EFD03DBEA6 /* Pods_StockTrackerAlamofire.framework */,
			);
			name = Frameworks;
			sourceTree = "<group>";
		};
		A9EEFF5110A2F324251A3079 /* Pods */ = {
			isa = PBXGroup;
			children = (
				FA45C6902DBFB2C344F82099 /* Pods-StockTrackerAlamofire.debug.xcconfig */,
				41ABE58E7A70DBB4F6BDFFB9 /* Pods-StockTrackerAlamofire.release.xcconfig */,
			);
			path = Pods;
			sourceTree = "<group>";
		};
/* End PBXGroup section */

/* Begin PBXNativeTarget section */
		56084C5127EED0110061F621 /* StockTrackerAlamofire */ = {
			isa = PBXNativeTarget;
			buildConfigurationList = 56084C6627EED0110061F621 /* Build configuration list for PBXNativeTarget "StockTrackerAlamofire" */;
			buildPhases = (
				49CD08CFEA34E1190D05465E /* [CP] Check Pods Manifest.lock */,
				56084C4E27EED0110061F621 /* Sources */,
				56084C4F27EED0110061F621 /* Frameworks */,
				56084C5027EED0110061F621 /* Resources */,
				73E0FBC29F2619AD3E288D89 /* [CP] Embed Pods Frameworks */,
			);
			buildRules = (
			);
			dependencies = (
			);
			name = StockTrackerAlamofire;
			productName = StockTrackerAlamofire;
			productReference = 56084C5227EED0110061F621 /* StockTrackerAlamofire.app */;
			productType = "com.apple.product-type.application";
		};
		5660948D280AA07B003F92B9 /* StockTrackerAlamofireTests */ = {
			isa = PBXNativeTarget;
			buildConfigurationList = 56609494280AA07B003F92B9 /* Build configuration list for PBXNativeTarget "StockTrackerAlamofireTests" */;
			buildPhases = (
				5660948A280AA07B003F92B9 /* Sources */,
				5660948B280AA07B003F92B9 /* Frameworks */,
				5660948C280AA07B003F92B9 /* Resources */,
			);
			buildRules = (
			);
			dependencies = (
				56609493280AA07B003F92B9 /* PBXTargetDependency */,
			);
			name = StockTrackerAlamofireTests;
			productName = StockTrackerAlamofireTests;
			productReference = 5660948E280AA07B003F92B9 /* StockTrackerAlamofireTests.xctest */;
			productType = "com.apple.product-type.bundle.unit-test";
		};
/* End PBXNativeTarget section */

/* Begin PBXProject section */
		56084C4A27EED0110061F621 /* Project object */ = {
			isa = PBXProject;
			attributes = {
				BuildIndependentTargetsInParallel = 1;
				LastSwiftUpdateCheck = 1320;
				LastUpgradeCheck = 1320;
				TargetAttributes = {
					56084C5127EED0110061F621 = {
						CreatedOnToolsVersion = 13.2.1;
					};
					5660948D280AA07B003F92B9 = {
						CreatedOnToolsVersion = 13.2.1;
						TestTargetID = 56084C5127EED0110061F621;
					};
				};
			};
			buildConfigurationList = 56084C4D27EED0110061F621 /* Build configuration list for PBXProject "StockTrackerAlamofire" */;
			compatibilityVersion = "Xcode 13.0";
			developmentRegion = en;
			hasScannedForEncodings = 0;
			knownRegions = (
				en,
				Base,
			);
			mainGroup = 56084C4927EED0110061F621;
			productRefGroup = 56084C5327EED0110061F621 /* Products */;
			projectDirPath = "";
			projectRoot = "";
			targets = (
				56084C5127EED0110061F621 /* StockTrackerAlamofire */,
				5660948D280AA07B003F92B9 /* StockTrackerAlamofireTests */,
			);
		};
/* End PBXProject section */

/* Begin PBXResourcesBuildPhase section */
		56084C5027EED0110061F621 /* Resources */ = {
			isa = PBXResourcesBuildPhase;
			buildActionMask = 2147483647;
			files = (
				56084C6227EED0110061F621 /* LaunchScreen.storyboard in Resources */,
				56084C5F27EED0110061F621 /* Assets.xcassets in Resources */,
				56084C5D27EED0110061F621 /* Main.storyboard in Resources */,
			);
			runOnlyForDeploymentPostprocessing = 0;
		};
		5660948C280AA07B003F92B9 /* Resources */ = {
			isa = PBXResourcesBuildPhase;
			buildActionMask = 2147483647;
			files = (
			);
			runOnlyForDeploymentPostprocessing = 0;
		};
/* End PBXResourcesBuildPhase section */

/* Begin PBXShellScriptBuildPhase section */
		49CD08CFEA34E1190D05465E /* [CP] Check Pods Manifest.lock */ = {
			isa = PBXShellScriptBuildPhase;
			buildActionMask = 2147483647;
			files = (
			);
			inputFileListPaths = (
			);
			inputPaths = (
				"${PODS_PODFILE_DIR_PATH}/Podfile.lock",
				"${PODS_ROOT}/Manifest.lock",
			);
			name = "[CP] Check Pods Manifest.lock";
			outputFileListPaths = (
			);
			outputPaths = (
				"$(DERIVED_FILE_DIR)/Pods-StockTrackerAlamofire-checkManifestLockResult.txt",
			);
			runOnlyForDeploymentPostprocessing = 0;
			shellPath = /bin/sh;
			shellScript = "diff \"${PODS_PODFILE_DIR_PATH}/Podfile.lock\" \"${PODS_ROOT}/Manifest.lock\" > /dev/null\nif [ $? != 0 ] ; then\n    # print error to STDERR\n    echo \"error: The sandbox is not in sync with the Podfile.lock. Run 'pod install' or update your CocoaPods installation.\" >&2\n    exit 1\nfi\n# This output is used by Xcode 'outputs' to avoid re-running this script phase.\necho \"SUCCESS\" > \"${SCRIPT_OUTPUT_FILE_0}\"\n";
			showEnvVarsInLog = 0;
		};
		73E0FBC29F2619AD3E288D89 /* [CP] Embed Pods Frameworks */ = {
			isa = PBXShellScriptBuildPhase;
			buildActionMask = 2147483647;
			files = (
			);
			inputFileListPaths = (
				"${PODS_ROOT}/Target Support Files/Pods-StockTrackerAlamofire/Pods-StockTrackerAlamofire-frameworks-${CONFIGURATION}-input-files.xcfilelist",
			);
			name = "[CP] Embed Pods Frameworks";
			outputFileListPaths = (
				"${PODS_ROOT}/Target Support Files/Pods-StockTrackerAlamofire/Pods-StockTrackerAlamofire-frameworks-${CONFIGURATION}-output-files.xcfilelist",
			);
			runOnlyForDeploymentPostprocessing = 0;
			shellPath = /bin/sh;
			shellScript = "\"${PODS_ROOT}/Target Support Files/Pods-StockTrackerAlamofire/Pods-StockTrackerAlamofire-frameworks.sh\"\n";
			showEnvVarsInLog = 0;
		};
/* End PBXShellScriptBuildPhase section */

/* Begin PBXSourcesBuildPhase section */
		56084C4E27EED0110061F621 /* Sources */ = {
			isa = PBXSourcesBuildPhase;
			buildActionMask = 2147483647;
			files = (
				56084C7627EEF4D20061F621 /* StockCell.swift in Sources */,
				56084C7C27EF07780061F621 /* GradientView.swift in Sources */,
				56084C6E27EED3710061F621 /* StockModel.swift in Sources */,
				56AA847328084B3500C89BD2 /* StockCellViewModel.swift in Sources */,
				56084C7427EED3BD0061F621 /* DataManager.swift in Sources */,
				56084C5A27EED0110061F621 /* StockListViewController.swift in Sources */,
				56084C7127EED3A50061F621 /* NetworkManager.swift in Sources */,
				56084C5627EED0110061F621 /* AppDelegate.swift in Sources */,
				56084C5827EED0110061F621 /* SceneDelegate.swift in Sources */,
				56AA847028082E3F00C89BD2 /* StockListViewModel.swift in Sources */,
			);
			runOnlyForDeploymentPostprocessing = 0;
		};
		5660948A280AA07B003F92B9 /* Sources */ = {
			isa = PBXSourcesBuildPhase;
			buildActionMask = 2147483647;
			files = (
				56609491280AA07B003F92B9 /* URLSessionTest.swift in Sources */,
				566094C1280AC3AB003F92B9 /* StockListViewModelTest.swift in Sources */,
			);
			runOnlyForDeploymentPostprocessing = 0;
		};
/* End PBXSourcesBuildPhase section */

/* Begin PBXTargetDependency section */
		56609493280AA07B003F92B9 /* PBXTargetDependency */ = {
			isa = PBXTargetDependency;
			target = 56084C5127EED0110061F621 /* StockTrackerAlamofire */;
			targetProxy = 56609492280AA07B003F92B9 /* PBXContainerItemProxy */;
		};
/* End PBXTargetDependency section */

/* Begin PBXVariantGroup section */
		56084C5B27EED0110061F621 /* Main.storyboard */ = {
			isa = PBXVariantGroup;
			children = (
				56084C5C27EED0110061F621 /* Base */,
			);
			name = Main.storyboard;
			sourceTree = "<group>";
		};
		56084C6027EED0110061F621 /* LaunchScreen.storyboard */ = {
			isa = PBXVariantGroup;
			children = (
				56084C6127EED0110061F621 /* Base */,
			);
			name = LaunchScreen.storyboard;
			sourceTree = "<group>";
		};
/* End PBXVariantGroup section */

/* Begin XCBuildConfiguration section */
		56084C6427EED0110061F621 /* Debug */ = {
			isa = XCBuildConfiguration;
			buildSettings = {
				ALWAYS_SEARCH_USER_PATHS = NO;
				CLANG_ANALYZER_NONNULL = YES;
				CLANG_ANALYZER_NUMBER_OBJECT_CONVERSION = YES_AGGRESSIVE;
				CLANG_CXX_LANGUAGE_STANDARD = "gnu++17";
				CLANG_CXX_LIBRARY = "libc++";
				CLANG_ENABLE_MODULES = YES;
				CLANG_ENABLE_OBJC_ARC = YES;
				CLANG_ENABLE_OBJC_WEAK = YES;
				CLANG_WARN_BLOCK_CAPTURE_AUTORELEASING = YES;
				CLANG_WARN_BOOL_CONVERSION = YES;
				CLANG_WARN_COMMA = YES;
				CLANG_WARN_CONSTANT_CONVERSION = YES;
				CLANG_WARN_DEPRECATED_OBJC_IMPLEMENTATIONS = YES;
				CLANG_WARN_DIRECT_OBJC_ISA_USAGE = YES_ERROR;
				CLANG_WARN_DOCUMENTATION_COMMENTS = YES;
				CLANG_WARN_EMPTY_BODY = YES;
				CLANG_WARN_ENUM_CONVERSION = YES;
				CLANG_WARN_INFINITE_RECURSION = YES;
				CLANG_WARN_INT_CONVERSION = YES;
				CLANG_WARN_NON_LITERAL_NULL_CONVERSION = YES;
				CLANG_WARN_OBJC_IMPLICIT_RETAIN_SELF = YES;
				CLANG_WARN_OBJC_LITERAL_CONVERSION = YES;
				CLANG_WARN_OBJC_ROOT_CLASS = YES_ERROR;
				CLANG_WARN_QUOTED_INCLUDE_IN_FRAMEWORK_HEADER = YES;
				CLANG_WARN_RANGE_LOOP_ANALYSIS = YES;
				CLANG_WARN_STRICT_PROTOTYPES = YES;
				CLANG_WARN_SUSPICIOUS_MOVE = YES;
				CLANG_WARN_UNGUARDED_AVAILABILITY = YES_AGGRESSIVE;
				CLANG_WARN_UNREACHABLE_CODE = YES;
				CLANG_WARN__DUPLICATE_METHOD_MATCH = YES;
				COPY_PHASE_STRIP = NO;
				DEBUG_INFORMATION_FORMAT = dwarf;
				ENABLE_STRICT_OBJC_MSGSEND = YES;
				ENABLE_TESTABILITY = YES;
				GCC_C_LANGUAGE_STANDARD = gnu11;
				GCC_DYNAMIC_NO_PIC = NO;
				GCC_NO_COMMON_BLOCKS = YES;
				GCC_OPTIMIZATION_LEVEL = 0;
				GCC_PREPROCESSOR_DEFINITIONS = (
					"DEBUG=1",
					"$(inherited)",
				);
				GCC_WARN_64_TO_32_BIT_CONVERSION = YES;
				GCC_WARN_ABOUT_RETURN_TYPE = YES_ERROR;
				GCC_WARN_UNDECLARED_SELECTOR = YES;
				GCC_WARN_UNINITIALIZED_AUTOS = YES_AGGRESSIVE;
				GCC_WARN_UNUSED_FUNCTION = YES;
				GCC_WARN_UNUSED_VARIABLE = YES;
				IPHONEOS_DEPLOYMENT_TARGET = 15.2;
				MTL_ENABLE_DEBUG_INFO = INCLUDE_SOURCE;
				MTL_FAST_MATH = YES;
				ONLY_ACTIVE_ARCH = YES;
				SDKROOT = iphoneos;
				SWIFT_ACTIVE_COMPILATION_CONDITIONS = DEBUG;
				SWIFT_OPTIMIZATION_LEVEL = "-Onone";
			};
			name = Debug;
		};
		56084C6527EED0110061F621 /* Release */ = {
			isa = XCBuildConfiguration;
			buildSettings = {
				ALWAYS_SEARCH_USER_PATHS = NO;
				CLANG_ANALYZER_NONNULL = YES;
				CLANG_ANALYZER_NUMBER_OBJECT_CONVERSION = YES_AGGRESSIVE;
				CLANG_CXX_LANGUAGE_STANDARD = "gnu++17";
				CLANG_CXX_LIBRARY = "libc++";
				CLANG_ENABLE_MODULES = YES;
				CLANG_ENABLE_OBJC_ARC = YES;
				CLANG_ENABLE_OBJC_WEAK = YES;
				CLANG_WARN_BLOCK_CAPTURE_AUTORELEASING = YES;
				CLANG_WARN_BOOL_CONVERSION = YES;
				CLANG_WARN_COMMA = YES;
				CLANG_WARN_CONSTANT_CONVERSION = YES;
				CLANG_WARN_DEPRECATED_OBJC_IMPLEMENTATIONS = YES;
				CLANG_WARN_DIRECT_OBJC_ISA_USAGE = YES_ERROR;
				CLANG_WARN_DOCUMENTATION_COMMENTS = YES;
				CLANG_WARN_EMPTY_BODY = YES;
				CLANG_WARN_ENUM_CONVERSION = YES;
				CLANG_WARN_INFINITE_RECURSION = YES;
				CLANG_WARN_INT_CONVERSION = YES;
				CLANG_WARN_NON_LITERAL_NULL_CONVERSION = YES;
				CLANG_WARN_OBJC_IMPLICIT_RETAIN_SELF = YES;
				CLANG_WARN_OBJC_LITERAL_CONVERSION = YES;
				CLANG_WARN_OBJC_ROOT_CLASS = YES_ERROR;
				CLANG_WARN_QUOTED_INCLUDE_IN_FRAMEWORK_HEADER = YES;
				CLANG_WARN_RANGE_LOOP_ANALYSIS = YES;
				CLANG_WARN_STRICT_PROTOTYPES = YES;
				CLANG_WARN_SUSPICIOUS_MOVE = YES;
				CLANG_WARN_UNGUARDED_AVAILABILITY = YES_AGGRESSIVE;
				CLANG_WARN_UNREACHABLE_CODE = YES;
				CLANG_WARN__DUPLICATE_METHOD_MATCH = YES;
				COPY_PHASE_STRIP = NO;
				DEBUG_INFORMATION_FORMAT = "dwarf-with-dsym";
				ENABLE_NS_ASSERTIONS = NO;
				ENABLE_STRICT_OBJC_MSGSEND = YES;
				GCC_C_LANGUAGE_STANDARD = gnu11;
				GCC_NO_COMMON_BLOCKS = YES;
				GCC_WARN_64_TO_32_BIT_CONVERSION = YES;
				GCC_WARN_ABOUT_RETURN_TYPE = YES_ERROR;
				GCC_WARN_UNDECLARED_SELECTOR = YES;
				GCC_WARN_UNINITIALIZED_AUTOS = YES_AGGRESSIVE;
				GCC_WARN_UNUSED_FUNCTION = YES;
				GCC_WARN_UNUSED_VARIABLE = YES;
				IPHONEOS_DEPLOYMENT_TARGET = 15.2;
				MTL_ENABLE_DEBUG_INFO = NO;
				MTL_FAST_MATH = YES;
				SDKROOT = iphoneos;
				SWIFT_COMPILATION_MODE = wholemodule;
				SWIFT_OPTIMIZATION_LEVEL = "-O";
				VALIDATE_PRODUCT = YES;
			};
			name = Release;
		};
		56084C6727EED0110061F621 /* Debug */ = {
			isa = XCBuildConfiguration;
			baseConfigurationReference = FA45C6902DBFB2C344F82099 /* Pods-StockTrackerAlamofire.debug.xcconfig */;
			buildSettings = {
				ASSETCATALOG_COMPILER_APPICON_NAME = AppIcon;
				ASSETCATALOG_COMPILER_GLOBAL_ACCENT_COLOR_NAME = AccentColor;
				CODE_SIGN_STYLE = Automatic;
				CURRENT_PROJECT_VERSION = 1;
				DEVELOPMENT_TEAM = 429329GWZV;
				GENERATE_INFOPLIST_FILE = YES;
				INFOPLIST_FILE = StockTrackerAlamofire/App/Info.plist;
				INFOPLIST_KEY_UIApplicationSupportsIndirectInputEvents = YES;
				INFOPLIST_KEY_UILaunchStoryboardName = LaunchScreen;
				INFOPLIST_KEY_UIMainStoryboardFile = Main;
				INFOPLIST_KEY_UISupportedInterfaceOrientations = UIInterfaceOrientationPortrait;
				INFOPLIST_KEY_UISupportedInterfaceOrientations_iPad = "UIInterfaceOrientationPortrait UIInterfaceOrientationPortraitUpsideDown UIInterfaceOrientationLandscapeLeft UIInterfaceOrientationLandscapeRight";
				INFOPLIST_KEY_UISupportedInterfaceOrientations_iPhone = "UIInterfaceOrientationPortrait UIInterfaceOrientationLandscapeLeft UIInterfaceOrientationLandscapeRight";
				LD_RUNPATH_SEARCH_PATHS = (
					"$(inherited)",
					"@executable_path/Frameworks",
				);
				MARKETING_VERSION = 1.0;
				PRODUCT_BUNDLE_IDENTIFIER = zhorobekov.StockTrackerAlamofire;
				PRODUCT_NAME = "$(TARGET_NAME)";
				SWIFT_EMIT_LOC_STRINGS = YES;
				SWIFT_VERSION = 5.0;
				TARGETED_DEVICE_FAMILY = 1;
			};
			name = Debug;
		};
		56084C6827EED0110061F621 /* Release */ = {
			isa = XCBuildConfiguration;
			baseConfigurationReference = 41ABE58E7A70DBB4F6BDFFB9 /* Pods-StockTrackerAlamofire.release.xcconfig */;
			buildSettings = {
				ASSETCATALOG_COMPILER_APPICON_NAME = AppIcon;
				ASSETCATALOG_COMPILER_GLOBAL_ACCENT_COLOR_NAME = AccentColor;
				CODE_SIGN_STYLE = Automatic;
				CURRENT_PROJECT_VERSION = 1;
				DEVELOPMENT_TEAM = 429329GWZV;
				GENERATE_INFOPLIST_FILE = YES;
				INFOPLIST_FILE = StockTrackerAlamofire/App/Info.plist;
				INFOPLIST_KEY_UIApplicationSupportsIndirectInputEvents = YES;
				INFOPLIST_KEY_UILaunchStoryboardName = LaunchScreen;
				INFOPLIST_KEY_UIMainStoryboardFile = Main;
				INFOPLIST_KEY_UISupportedInterfaceOrientations = UIInterfaceOrientationPortrait;
				INFOPLIST_KEY_UISupportedInterfaceOrientations_iPad = "UIInterfaceOrientationPortrait UIInterfaceOrientationPortraitUpsideDown UIInterfaceOrientationLandscapeLeft UIInterfaceOrientationLandscapeRight";
				INFOPLIST_KEY_UISupportedInterfaceOrientations_iPhone = "UIInterfaceOrientationPortrait UIInterfaceOrientationLandscapeLeft UIInterfaceOrientationLandscapeRight";
				LD_RUNPATH_SEARCH_PATHS = (
					"$(inherited)",
					"@executable_path/Frameworks",
				);
				MARKETING_VERSION = 1.0;
				PRODUCT_BUNDLE_IDENTIFIER = zhorobekov.StockTrackerAlamofire;
				PRODUCT_NAME = "$(TARGET_NAME)";
				SWIFT_EMIT_LOC_STRINGS = YES;
				SWIFT_VERSION = 5.0;
				TARGETED_DEVICE_FAMILY = 1;
			};
			name = Release;
		};
		56609495280AA07B003F92B9 /* Debug */ = {
			isa = XCBuildConfiguration;
			buildSettings = {
				BUNDLE_LOADER = "$(TEST_HOST)";
				CODE_SIGN_STYLE = Automatic;
				CURRENT_PROJECT_VERSION = 1;
				DEVELOPMENT_TEAM = 429329GWZV;
				GENERATE_INFOPLIST_FILE = YES;
				MARKETING_VERSION = 1.0;
				PRODUCT_BUNDLE_IDENTIFIER = zhorobekov.StockTrackerAlamofireTests;
				PRODUCT_NAME = "$(TARGET_NAME)";
				SWIFT_EMIT_LOC_STRINGS = NO;
				SWIFT_VERSION = 5.0;
				TARGETED_DEVICE_FAMILY = "1,2";
				TEST_HOST = "$(BUILT_PRODUCTS_DIR)/StockTrackerAlamofire.app/StockTrackerAlamofire";
			};
			name = Debug;
		};
		56609496280AA07B003F92B9 /* Release */ = {
			isa = XCBuildConfiguration;
			buildSettings = {
				BUNDLE_LOADER = "$(TEST_HOST)";
				CODE_SIGN_STYLE = Automatic;
				CURRENT_PROJECT_VERSION = 1;
				DEVELOPMENT_TEAM = 429329GWZV;
				GENERATE_INFOPLIST_FILE = YES;
				MARKETING_VERSION = 1.0;
				PRODUCT_BUNDLE_IDENTIFIER = zhorobekov.StockTrackerAlamofireTests;
				PRODUCT_NAME = "$(TARGET_NAME)";
				SWIFT_EMIT_LOC_STRINGS = NO;
				SWIFT_VERSION = 5.0;
				TARGETED_DEVICE_FAMILY = "1,2";
				TEST_HOST = "$(BUILT_PRODUCTS_DIR)/StockTrackerAlamofire.app/StockTrackerAlamofire";
			};
			name = Release;
		};
/* End XCBuildConfiguration section */

/* Begin XCConfigurationList section */
		56084C4D27EED0110061F621 /* Build configuration list for PBXProject "StockTrackerAlamofire" */ = {
			isa = XCConfigurationList;
			buildConfigurations = (
				56084C6427EED0110061F621 /* Debug */,
				56084C6527EED0110061F621 /* Release */,
			);
			defaultConfigurationIsVisible = 0;
			defaultConfigurationName = Release;
		};
		56084C6627EED0110061F621 /* Build configuration list for PBXNativeTarget "StockTrackerAlamofire" */ = {
			isa = XCConfigurationList;
			buildConfigurations = (
				56084C6727EED0110061F621 /* Debug */,
				56084C6827EED0110061F621 /* Release */,
			);
			defaultConfigurationIsVisible = 0;
			defaultConfigurationName = Release;
		};
		56609494280AA07B003F92B9 /* Build configuration list for PBXNativeTarget "StockTrackerAlamofireTests" */ = {
			isa = XCConfigurationList;
			buildConfigurations = (
				56609495280AA07B003F92B9 /* Debug */,
				56609496280AA07B003F92B9 /* Release */,
			);
			defaultConfigurationIsVisible = 0;
			defaultConfigurationName = Release;
		};
/* End XCConfigurationList section */
	};
	rootObject = 56084C4A27EED0110061F621 /* Project object */;
}
